// !$*UTF8*$!
{
	archiveVersion = 1;
	classes = {
	};
	objectVersion = 46;
	objects = {

/* Begin PBXBuildFile section */
		C8D7A33418C5D83E00EECDF9 /* Foundation.framework in Frameworks */ = {isa = PBXBuildFile; fileRef = C8D7A33318C5D83E00EECDF9 /* Foundation.framework */; };
		C8D7A33618C5D83E00EECDF9 /* CoreGraphics.framework in Frameworks */ = {isa = PBXBuildFile; fileRef = C8D7A33518C5D83E00EECDF9 /* CoreGraphics.framework */; };
		C8D7A33818C5D83E00EECDF9 /* UIKit.framework in Frameworks */ = {isa = PBXBuildFile; fileRef = C8D7A33718C5D83E00EECDF9 /* UIKit.framework */; };
		C8D7A33E18C5D83E00EECDF9 /* InfoPlist.strings in Resources */ = {isa = PBXBuildFile; fileRef = C8D7A33C18C5D83E00EECDF9 /* InfoPlist.strings */; };
		C8D7A34018C5D83E00EECDF9 /* main.m in Sources */ = {isa = PBXBuildFile; fileRef = C8D7A33F18C5D83E00EECDF9 /* main.m */; };
		C8D7A34418C5D83E00EECDF9 /* AppDelegate.m in Sources */ = {isa = PBXBuildFile; fileRef = C8D7A34318C5D83E00EECDF9 /* AppDelegate.m */; };
		C8D7A34718C5D83E00EECDF9 /* Main.storyboard in Resources */ = {isa = PBXBuildFile; fileRef = C8D7A34518C5D83E00EECDF9 /* Main.storyboard */; };
		C8D7A34A18C5D83E00EECDF9 /* ViewController.m in Sources */ = {isa = PBXBuildFile; fileRef = C8D7A34918C5D83E00EECDF9 /* ViewController.m */; };
		C8D7A34C18C5D83E00EECDF9 /* Images.xcassets in Resources */ = {isa = PBXBuildFile; fileRef = C8D7A34B18C5D83E00EECDF9 /* Images.xcassets */; };
		C8D7A35318C5D83E00EECDF9 /* XCTest.framework in Frameworks */ = {isa = PBXBuildFile; fileRef = C8D7A35218C5D83E00EECDF9 /* XCTest.framework */; };
		C8D7A35418C5D83E00EECDF9 /* Foundation.framework in Frameworks */ = {isa = PBXBuildFile; fileRef = C8D7A33318C5D83E00EECDF9 /* Foundation.framework */; };
		C8D7A35518C5D83E00EECDF9 /* UIKit.framework in Frameworks */ = {isa = PBXBuildFile; fileRef = C8D7A33718C5D83E00EECDF9 /* UIKit.framework */; };
		C8D7A35D18C5D83E00EECDF9 /* InfoPlist.strings in Resources */ = {isa = PBXBuildFile; fileRef = C8D7A35B18C5D83E00EECDF9 /* InfoPlist.strings */; };
		C8D7A35F18C5D83E00EECDF9 /* SMPushNotificationTests.m in Sources */ = {isa = PBXBuildFile; fileRef = C8D7A35E18C5D83E00EECDF9 /* SMPushNotificationTests.m */; };
		C8D7A3A118C5D98700EECDF9 /* CHANGELOG.md in Resources */ = {isa = PBXBuildFile; fileRef = C8D7A36918C5D98600EECDF9 /* CHANGELOG.md */; };
		C8D7A3A218C5D98700EECDF9 /* libstackmob-v2.2.0.a in Frameworks */ = {isa = PBXBuildFile; fileRef = C8D7A3A018C5D98700EECDF9 /* libstackmob-v2.2.0.a */; };
		C8D7A3A418C5D9A800EECDF9 /* CoreLocation.framework in Frameworks */ = {isa = PBXBuildFile; fileRef = C8D7A3A318C5D9A800EECDF9 /* CoreLocation.framework */; };
		C8D7A3A618C5D9B000EECDF9 /* CoreData.framework in Frameworks */ = {isa = PBXBuildFile; fileRef = C8D7A3A518C5D9B000EECDF9 /* CoreData.framework */; };
		C8D7A3A818C5D9B900EECDF9 /* MobileCoreServices.framework in Frameworks */ = {isa = PBXBuildFile; fileRef = C8D7A3A718C5D9B900EECDF9 /* MobileCoreServices.framework */; };
		C8D7A3AA18C5D9C100EECDF9 /* SystemConfiguration.framework in Frameworks */ = {isa = PBXBuildFile; fileRef = C8D7A3A918C5D9C100EECDF9 /* SystemConfiguration.framework */; };
		C8D7A3AC18C5D9CD00EECDF9 /* Security.framework in Frameworks */ = {isa = PBXBuildFile; fileRef = C8D7A3AB18C5D9CD00EECDF9 /* Security.framework */; };
		C8D7A3AF18C5D9F800EECDF9 /* mydatamodel.xcdatamodeld in Sources */ = {isa = PBXBuildFile; fileRef = C8D7A3AD18C5D9F800EECDF9 /* mydatamodel.xcdatamodeld */; };
/* End PBXBuildFile section */

/* Begin PBXContainerItemProxy section */
		C8D7A35618C5D83E00EECDF9 /* PBXContainerItemProxy */ = {
			isa = PBXContainerItemProxy;
			containerPortal = C8D7A32818C5D83E00EECDF9 /* Project object */;
			proxyType = 1;
			remoteGlobalIDString = C8D7A32F18C5D83E00EECDF9;
			remoteInfo = SMPushNotification;
		};
/* End PBXContainerItemProxy section */

/* Begin PBXFileReference section */
		C8D7A33018C5D83E00EECDF9 /* SMPushNotification.app */ = {isa = PBXFileReference; explicitFileType = wrapper.application; includeInIndex = 0; path = SMPushNotification.app; sourceTree = BUILT_PRODUCTS_DIR; };
		C8D7A33318C5D83E00EECDF9 /* Foundation.framework */ = {isa = PBXFileReference; lastKnownFileType = wrapper.framework; name = Foundation.framework; path = System/Library/Frameworks/Foundation.framework; sourceTree = SDKROOT; };
		C8D7A33518C5D83E00EECDF9 /* CoreGraphics.framework */ = {isa = PBXFileReference; lastKnownFileType = wrapper.framework; name = CoreGraphics.framework; path = System/Library/Frameworks/CoreGraphics.framework; sourceTree = SDKROOT; };
		C8D7A33718C5D83E00EECDF9 /* UIKit.framework */ = {isa = PBXFileReference; lastKnownFileType = wrapper.framework; name = UIKit.framework; path = System/Library/Frameworks/UIKit.framework; sourceTree = SDKROOT; };
		C8D7A33B18C5D83E00EECDF9 /* SMPushNotification-Info.plist */ = {isa = PBXFileReference; lastKnownFileType = text.plist.xml; path = "SMPushNotification-Info.plist"; sourceTree = "<group>"; };
		C8D7A33D18C5D83E00EECDF9 /* en */ = {isa = PBXFileReference; lastKnownFileType = text.plist.strings; name = en; path = en.lproj/InfoPlist.strings; sourceTree = "<group>"; };
		C8D7A33F18C5D83E00EECDF9 /* main.m */ = {isa = PBXFileReference; lastKnownFileType = sourcecode.c.objc; path = main.m; sourceTree = "<group>"; };
		C8D7A34118C5D83E00EECDF9 /* SMPushNotification-Prefix.pch */ = {isa = PBXFileReference; lastKnownFileType = sourcecode.c.h; path = "SMPushNotification-Prefix.pch"; sourceTree = "<group>"; };
		C8D7A34218C5D83E00EECDF9 /* AppDelegate.h */ = {isa = PBXFileReference; lastKnownFileType = sourcecode.c.h; path = AppDelegate.h; sourceTree = "<group>"; };
		C8D7A34318C5D83E00EECDF9 /* AppDelegate.m */ = {isa = PBXFileReference; lastKnownFileType = sourcecode.c.objc; path = AppDelegate.m; sourceTree = "<group>"; };
		C8D7A34618C5D83E00EECDF9 /* Base */ = {isa = PBXFileReference; lastKnownFileType = file.storyboard; name = Base; path = Base.lproj/Main.storyboard; sourceTree = "<group>"; };
		C8D7A34818C5D83E00EECDF9 /* ViewController.h */ = {isa = PBXFileReference; lastKnownFileType = sourcecode.c.h; path = ViewController.h; sourceTree = "<group>"; };
		C8D7A34918C5D83E00EECDF9 /* ViewController.m */ = {isa = PBXFileReference; lastKnownFileType = sourcecode.c.objc; path = ViewController.m; sourceTree = "<group>"; };
		C8D7A34B18C5D83E00EECDF9 /* Images.xcassets */ = {isa = PBXFileReference; lastKnownFileType = folder.assetcatalog; path = Images.xcassets; sourceTree = "<group>"; };
		C8D7A35118C5D83E00EECDF9 /* SMPushNotificationTests.xctest */ = {isa = PBXFileReference; explicitFileType = wrapper.cfbundle; includeInIndex = 0; path = SMPushNotificationTests.xctest; sourceTree = BUILT_PRODUCTS_DIR; };
		C8D7A35218C5D83E00EECDF9 /* XCTest.framework */ = {isa = PBXFileReference; lastKnownFileType = wrapper.framework; name = XCTest.framework; path = Library/Frameworks/XCTest.framework; sourceTree = DEVELOPER_DIR; };
		C8D7A35A18C5D83E00EECDF9 /* SMPushNotificationTests-Info.plist */ = {isa = PBXFileReference; lastKnownFileType = text.plist.xml; path = "SMPushNotificationTests-Info.plist"; sourceTree = "<group>"; };
		C8D7A35C18C5D83E00EECDF9 /* en */ = {isa = PBXFileReference; lastKnownFileType = text.plist.strings; name = en; path = en.lproj/InfoPlist.strings; sourceTree = "<group>"; };
		C8D7A35E18C5D83E00EECDF9 /* SMPushNotificationTests.m */ = {isa = PBXFileReference; lastKnownFileType = sourcecode.c.objc; path = SMPushNotificationTests.m; sourceTree = "<group>"; };
		C8D7A36918C5D98600EECDF9 /* CHANGELOG.md */ = {isa = PBXFileReference; fileEncoding = 4; lastKnownFileType = text; path = CHANGELOG.md; sourceTree = "<group>"; };
		C8D7A36B18C5D98600EECDF9 /* AFHTTPClient+StackMob.h */ = {isa = PBXFileReference; fileEncoding = 4; lastKnownFileType = sourcecode.c.h; path = "AFHTTPClient+StackMob.h"; sourceTree = "<group>"; };
		C8D7A36C18C5D98600EECDF9 /* AFHTTPRequestOperation+RemoveContentType.h */ = {isa = PBXFileReference; fileEncoding = 4; lastKnownFileType = sourcecode.c.h; path = "AFHTTPRequestOperation+RemoveContentType.h"; sourceTree = "<group>"; };
		C8D7A36E18C5D98600EECDF9 /* AFHTTPClient.h */ = {isa = PBXFileReference; fileEncoding = 4; lastKnownFileType = sourcecode.c.h; path = AFHTTPClient.h; sourceTree = "<group>"; };
		C8D7A36F18C5D98600EECDF9 /* AFHTTPRequestOperation.h */ = {isa = PBXFileReference; fileEncoding = 4; lastKnownFileType = sourcecode.c.h; path = AFHTTPRequestOperation.h; sourceTree = "<group>"; };
		C8D7A37018C5D98600EECDF9 /* AFImageRequestOperation.h */ = {isa = PBXFileReference; fileEncoding = 4; lastKnownFileType = sourcecode.c.h; path = AFImageRequestOperation.h; sourceTree = "<group>"; };
		C8D7A37118C5D98600EECDF9 /* AFJSONRequestOperation.h */ = {isa = PBXFileReference; fileEncoding = 4; lastKnownFileType = sourcecode.c.h; path = AFJSONRequestOperation.h; sourceTree = "<group>"; };
		C8D7A37218C5D98600EECDF9 /* AFNetworkActivityIndicatorManager.h */ = {isa = PBXFileReference; fileEncoding = 4; lastKnownFileType = sourcecode.c.h; path = AFNetworkActivityIndicatorManager.h; sourceTree = "<group>"; };
		C8D7A37318C5D98600EECDF9 /* AFNetworking.h */ = {isa = PBXFileReference; fileEncoding = 4; lastKnownFileType = sourcecode.c.h; path = AFNetworking.h; sourceTree = "<group>"; };
		C8D7A37418C5D98600EECDF9 /* AFPropertyListRequestOperation.h */ = {isa = PBXFileReference; fileEncoding = 4; lastKnownFileType = sourcecode.c.h; path = AFPropertyListRequestOperation.h; sourceTree = "<group>"; };
		C8D7A37518C5D98600EECDF9 /* AFURLConnectionOperation.h */ = {isa = PBXFileReference; fileEncoding = 4; lastKnownFileType = sourcecode.c.h; path = AFURLConnectionOperation.h; sourceTree = "<group>"; };
		C8D7A37618C5D98600EECDF9 /* AFXMLRequestOperation.h */ = {isa = PBXFileReference; fileEncoding = 4; lastKnownFileType = sourcecode.c.h; path = AFXMLRequestOperation.h; sourceTree = "<group>"; };
		C8D7A37718C5D98600EECDF9 /* UIImageView+AFNetworking.h */ = {isa = PBXFileReference; fileEncoding = 4; lastKnownFileType = sourcecode.c.h; path = "UIImageView+AFNetworking.h"; sourceTree = "<group>"; };
		C8D7A37818C5D98600EECDF9 /* Base64EncodedStringFromData.h */ = {isa = PBXFileReference; fileEncoding = 4; lastKnownFileType = sourcecode.c.h; path = Base64EncodedStringFromData.h; sourceTree = "<group>"; };
		C8D7A37918C5D98600EECDF9 /* Common.h */ = {isa = PBXFileReference; fileEncoding = 4; lastKnownFileType = sourcecode.c.h; path = Common.h; sourceTree = "<group>"; };
		C8D7A37A18C5D98600EECDF9 /* FileManagement.h */ = {isa = PBXFileReference; fileEncoding = 4; lastKnownFileType = sourcecode.c.h; path = FileManagement.h; sourceTree = "<group>"; };
		C8D7A37B18C5D98600EECDF9 /* KeychainWrapper.h */ = {isa = PBXFileReference; fileEncoding = 4; lastKnownFileType = sourcecode.c.h; path = KeychainWrapper.h; sourceTree = "<group>"; };
		C8D7A37C18C5D98600EECDF9 /* NSArray+Enumerable.h */ = {isa = PBXFileReference; fileEncoding = 4; lastKnownFileType = sourcecode.c.h; path = "NSArray+Enumerable.h"; sourceTree = "<group>"; };
		C8D7A37D18C5D98600EECDF9 /* NSDictionary+AtomicCounter.h */ = {isa = PBXFileReference; fileEncoding = 4; lastKnownFileType = sourcecode.c.h; path = "NSDictionary+AtomicCounter.h"; sourceTree = "<group>"; };
		C8D7A37E18C5D98600EECDF9 /* NSEntityDescription+StackMobSerialization.h */ = {isa = PBXFileReference; fileEncoding = 4; lastKnownFileType = sourcecode.c.h; path = "NSEntityDescription+StackMobSerialization.h"; sourceTree = "<group>"; };
		C8D7A37F18C5D98600EECDF9 /* NSManagedObject+StackMobSerialization.h */ = {isa = PBXFileReference; fileEncoding = 4; lastKnownFileType = sourcecode.c.h; path = "NSManagedObject+StackMobSerialization.h"; sourceTree = "<group>"; };
		C8D7A38018C5D98600EECDF9 /* NSManagedObjectContext+Concurrency.h */ = {isa = PBXFileReference; fileEncoding = 4; lastKnownFileType = sourcecode.c.h; path = "NSManagedObjectContext+Concurrency.h"; sourceTree = "<group>"; };
		C8D7A38118C5D98600EECDF9 /* SMBinaryDataConversion.h */ = {isa = PBXFileReference; fileEncoding = 4; lastKnownFileType = sourcecode.c.h; path = SMBinaryDataConversion.h; sourceTree = "<group>"; };
		C8D7A38218C5D98600EECDF9 /* SMClient.h */ = {isa = PBXFileReference; fileEncoding = 4; lastKnownFileType = sourcecode.c.h; path = SMClient.h; sourceTree = "<group>"; };
		C8D7A38318C5D98600EECDF9 /* SMCoreDataStore.h */ = {isa = PBXFileReference; fileEncoding = 4; lastKnownFileType = sourcecode.c.h; path = SMCoreDataStore.h; sourceTree = "<group>"; };
		C8D7A38418C5D98600EECDF9 /* SMCustomCodeRequest.h */ = {isa = PBXFileReference; fileEncoding = 4; lastKnownFileType = sourcecode.c.h; path = SMCustomCodeRequest.h; sourceTree = "<group>"; };
		C8D7A38518C5D98600EECDF9 /* SMDataStore+Protected.h */ = {isa = PBXFileReference; fileEncoding = 4; lastKnownFileType = sourcecode.c.h; path = "SMDataStore+Protected.h"; sourceTree = "<group>"; };
		C8D7A38618C5D98600EECDF9 /* SMDataStore.h */ = {isa = PBXFileReference; fileEncoding = 4; lastKnownFileType = sourcecode.c.h; path = SMDataStore.h; sourceTree = "<group>"; };
		C8D7A38718C5D98600EECDF9 /* SMError.h */ = {isa = PBXFileReference; fileEncoding = 4; lastKnownFileType = sourcecode.c.h; path = SMError.h; sourceTree = "<group>"; };
		C8D7A38818C5D98600EECDF9 /* SMGeoPoint.h */ = {isa = PBXFileReference; fileEncoding = 4; lastKnownFileType = sourcecode.c.h; path = SMGeoPoint.h; sourceTree = "<group>"; };
		C8D7A38918C5D98600EECDF9 /* SMHTTPRequestOperation.h */ = {isa = PBXFileReference; fileEncoding = 4; lastKnownFileType = sourcecode.c.h; path = SMHTTPRequestOperation.h; sourceTree = "<group>"; };
		C8D7A38A18C5D98600EECDF9 /* SMIncrementalStore+Query.h */ = {isa = PBXFileReference; fileEncoding = 4; lastKnownFileType = sourcecode.c.h; path = "SMIncrementalStore+Query.h"; sourceTree = "<group>"; };
		C8D7A38B18C5D98600EECDF9 /* SMIncrementalStore.h */ = {isa = PBXFileReference; fileEncoding = 4; lastKnownFileType = sourcecode.c.h; path = SMIncrementalStore.h; sourceTree = "<group>"; };
		C8D7A38C18C5D98600EECDF9 /* SMIncrementalStoreNode.h */ = {isa = PBXFileReference; fileEncoding = 4; lastKnownFileType = sourcecode.c.h; path = SMIncrementalStoreNode.h; sourceTree = "<group>"; };
		C8D7A38D18C5D98600EECDF9 /* SMJSONRequestOperation.h */ = {isa = PBXFileReference; fileEncoding = 4; lastKnownFileType = sourcecode.c.h; path = SMJSONRequestOperation.h; sourceTree = "<group>"; };
		C8D7A38E18C5D98600EECDF9 /* SMLocationManager.h */ = {isa = PBXFileReference; fileEncoding = 4; lastKnownFileType = sourcecode.c.h; path = SMLocationManager.h; sourceTree = "<group>"; };
		C8D7A38F18C5D98600EECDF9 /* SMNetworkReachability.h */ = {isa = PBXFileReference; fileEncoding = 4; lastKnownFileType = sourcecode.c.h; path = SMNetworkReachability.h; sourceTree = "<group>"; };
		C8D7A39018C5D98600EECDF9 /* SMOAuth1Client.h */ = {isa = PBXFileReference; fileEncoding = 4; lastKnownFileType = sourcecode.c.h; path = SMOAuth1Client.h; sourceTree = "<group>"; };
		C8D7A39118C5D98600EECDF9 /* SMOAuth2Client.h */ = {isa = PBXFileReference; fileEncoding = 4; lastKnownFileType = sourcecode.c.h; path = SMOAuth2Client.h; sourceTree = "<group>"; };
		C8D7A39218C5D98600EECDF9 /* SMPredicate.h */ = {isa = PBXFileReference; fileEncoding = 4; lastKnownFileType = sourcecode.c.h; path = SMPredicate.h; sourceTree = "<group>"; };
		C8D7A39318C5D98600EECDF9 /* SMPushClient.h */ = {isa = PBXFileReference; fileEncoding = 4; lastKnownFileType = sourcecode.c.h; path = SMPushClient.h; sourceTree = "<group>"; };
		C8D7A39418C5D98600EECDF9 /* SMPushToken.h */ = {isa = PBXFileReference; fileEncoding = 4; lastKnownFileType = sourcecode.c.h; path = SMPushToken.h; sourceTree = "<group>"; };
		C8D7A39518C5D98600EECDF9 /* SMQuery.h */ = {isa = PBXFileReference; fileEncoding = 4; lastKnownFileType = sourcecode.c.h; path = SMQuery.h; sourceTree = "<group>"; };
		C8D7A39618C5D98600EECDF9 /* SMRequestOptions.h */ = {isa = PBXFileReference; fileEncoding = 4; lastKnownFileType = sourcecode.c.h; path = SMRequestOptions.h; sourceTree = "<group>"; };
		C8D7A39718C5D98600EECDF9 /* SMResponseBlocks.h */ = {isa = PBXFileReference; fileEncoding = 4; lastKnownFileType = sourcecode.c.h; path = SMResponseBlocks.h; sourceTree = "<group>"; };
		C8D7A39818C5D98600EECDF9 /* SMSyncedObject.h */ = {isa = PBXFileReference; fileEncoding = 4; lastKnownFileType = sourcecode.c.h; path = SMSyncedObject.h; sourceTree = "<group>"; };
		C8D7A39918C5D98600EECDF9 /* SMUserManagedObject.h */ = {isa = PBXFileReference; fileEncoding = 4; lastKnownFileType = sourcecode.c.h; path = SMUserManagedObject.h; sourceTree = "<group>"; };
		C8D7A39A18C5D98600EECDF9 /* SMUserSession.h */ = {isa = PBXFileReference; fileEncoding = 4; lastKnownFileType = sourcecode.c.h; path = SMUserSession.h; sourceTree = "<group>"; };
		C8D7A39B18C5D98600EECDF9 /* SMVersion.h */ = {isa = PBXFileReference; fileEncoding = 4; lastKnownFileType = sourcecode.c.h; path = SMVersion.h; sourceTree = "<group>"; };
		C8D7A39C18C5D98600EECDF9 /* StackMob.h */ = {isa = PBXFileReference; fileEncoding = 4; lastKnownFileType = sourcecode.c.h; path = StackMob.h; sourceTree = "<group>"; };
		C8D7A39D18C5D98600EECDF9 /* StackMobPush.h */ = {isa = PBXFileReference; fileEncoding = 4; lastKnownFileType = sourcecode.c.h; path = StackMobPush.h; sourceTree = "<group>"; };
		C8D7A39E18C5D98600EECDF9 /* Synchronization.h */ = {isa = PBXFileReference; fileEncoding = 4; lastKnownFileType = sourcecode.c.h; path = Synchronization.h; sourceTree = "<group>"; };
		C8D7A39F18C5D98600EECDF9 /* SystemInformation.h */ = {isa = PBXFileReference; fileEncoding = 4; lastKnownFileType = sourcecode.c.h; path = SystemInformation.h; sourceTree = "<group>"; };
		C8D7A3A018C5D98700EECDF9 /* libstackmob-v2.2.0.a */ = {isa = PBXFileReference; lastKnownFileType = archive.ar; path = "libstackmob-v2.2.0.a"; sourceTree = "<group>"; };
		C8D7A3A318C5D9A800EECDF9 /* CoreLocation.framework */ = {isa = PBXFileReference; lastKnownFileType = wrapper.framework; name = CoreLocation.framework; path = System/Library/Frameworks/CoreLocation.framework; sourceTree = SDKROOT; };
		C8D7A3A518C5D9B000EECDF9 /* CoreData.framework */ = {isa = PBXFileReference; lastKnownFileType = wrapper.framework; name = CoreData.framework; path = System/Library/Frameworks/CoreData.framework; sourceTree = SDKROOT; };
		C8D7A3A718C5D9B900EECDF9 /* MobileCoreServices.framework */ = {isa = PBXFileReference; lastKnownFileType = wrapper.framework; name = MobileCoreServices.framework; path = System/Library/Frameworks/MobileCoreServices.framework; sourceTree = SDKROOT; };
		C8D7A3A918C5D9C100EECDF9 /* SystemConfiguration.framework */ = {isa = PBXFileReference; lastKnownFileType = wrapper.framework; name = SystemConfiguration.framework; path = System/Library/Frameworks/SystemConfiguration.framework; sourceTree = SDKROOT; };
		C8D7A3AB18C5D9CD00EECDF9 /* Security.framework */ = {isa = PBXFileReference; lastKnownFileType = wrapper.framework; name = Security.framework; path = System/Library/Frameworks/Security.framework; sourceTree = SDKROOT; };
		C8D7A3AE18C5D9F800EECDF9 /* mydatamodel.xcdatamodel */ = {isa = PBXFileReference; lastKnownFileType = wrapper.xcdatamodel; path = mydatamodel.xcdatamodel; sourceTree = "<group>"; };
/* End PBXFileReference section */

/* Begin PBXFrameworksBuildPhase section */
		C8D7A32D18C5D83E00EECDF9 /* Frameworks */ = {
			isa = PBXFrameworksBuildPhase;
			buildActionMask = 2147483647;
			files = (
				C8D7A3AC18C5D9CD00EECDF9 /* Security.framework in Frameworks */,
				C8D7A3AA18C5D9C100EECDF9 /* SystemConfiguration.framework in Frameworks */,
				C8D7A3A818C5D9B900EECDF9 /* MobileCoreServices.framework in Frameworks */,
				C8D7A3A618C5D9B000EECDF9 /* CoreData.framework in Frameworks */,
				C8D7A3A418C5D9A800EECDF9 /* CoreLocation.framework in Frameworks */,
				C8D7A33618C5D83E00EECDF9 /* CoreGraphics.framework in Frameworks */,
				C8D7A3A218C5D98700EECDF9 /* libstackmob-v2.2.0.a in Frameworks */,
				C8D7A33818C5D83E00EECDF9 /* UIKit.framework in Frameworks */,
				C8D7A33418C5D83E00EECDF9 /* Foundation.framework in Frameworks */,
			);
			runOnlyForDeploymentPostprocessing = 0;
		};
		C8D7A34E18C5D83E00EECDF9 /* Frameworks */ = {
			isa = PBXFrameworksBuildPhase;
			buildActionMask = 2147483647;
			files = (
				C8D7A35318C5D83E00EECDF9 /* XCTest.framework in Frameworks */,
				C8D7A35518C5D83E00EECDF9 /* UIKit.framework in Frameworks */,
				C8D7A35418C5D83E00EECDF9 /* Foundation.framework in Frameworks */,
			);
			runOnlyForDeploymentPostprocessing = 0;
		};
/* End PBXFrameworksBuildPhase section */

/* Begin PBXGroup section */
		C8D7A32718C5D83E00EECDF9 = {
			isa = PBXGroup;
			children = (
				C8D7A36818C5D98600EECDF9 /* StackMob-v2.2.0 */,
				C8D7A33918C5D83E00EECDF9 /* SMPushNotification */,
				C8D7A35818C5D83E00EECDF9 /* SMPushNotificationTests */,
				C8D7A33218C5D83E00EECDF9 /* Frameworks */,
				C8D7A33118C5D83E00EECDF9 /* Products */,
			);
			sourceTree = "<group>";
		};
		C8D7A33118C5D83E00EECDF9 /* Products */ = {
			isa = PBXGroup;
			children = (
				C8D7A33018C5D83E00EECDF9 /* SMPushNotification.app */,
				C8D7A35118C5D83E00EECDF9 /* SMPushNotificationTests.xctest */,
			);
			name = Products;
			sourceTree = "<group>";
		};
		C8D7A33218C5D83E00EECDF9 /* Frameworks */ = {
			isa = PBXGroup;
			children = (
				C8D7A3AB18C5D9CD00EECDF9 /* Security.framework */,
				C8D7A3A918C5D9C100EECDF9 /* SystemConfiguration.framework */,
				C8D7A3A718C5D9B900EECDF9 /* MobileCoreServices.framework */,
				C8D7A3A518C5D9B000EECDF9 /* CoreData.framework */,
				C8D7A3A318C5D9A800EECDF9 /* CoreLocation.framework */,
				C8D7A33318C5D83E00EECDF9 /* Foundation.framework */,
				C8D7A33518C5D83E00EECDF9 /* CoreGraphics.framework */,
				C8D7A33718C5D83E00EECDF9 /* UIKit.framework */,
				C8D7A35218C5D83E00EECDF9 /* XCTest.framework */,
			);
			name = Frameworks;
			sourceTree = "<group>";
		};
		C8D7A33918C5D83E00EECDF9 /* SMPushNotification */ = {
			isa = PBXGroup;
			children = (
				C8D7A34218C5D83E00EECDF9 /* AppDelegate.h */,
				C8D7A34318C5D83E00EECDF9 /* AppDelegate.m */,
				C8D7A34518C5D83E00EECDF9 /* Main.storyboard */,
				C8D7A34818C5D83E00EECDF9 /* ViewController.h */,
				C8D7A34918C5D83E00EECDF9 /* ViewController.m */,
				C8D7A34B18C5D83E00EECDF9 /* Images.xcassets */,
				C8D7A3AD18C5D9F800EECDF9 /* mydatamodel.xcdatamodeld */,
				C8D7A33A18C5D83E00EECDF9 /* Supporting Files */,
			);
			path = SMPushNotification;
			sourceTree = "<group>";
		};
		C8D7A33A18C5D83E00EECDF9 /* Supporting Files */ = {
			isa = PBXGroup;
			children = (
				C8D7A33B18C5D83E00EECDF9 /* SMPushNotification-Info.plist */,
				C8D7A33C18C5D83E00EECDF9 /* InfoPlist.strings */,
				C8D7A33F18C5D83E00EECDF9 /* main.m */,
				C8D7A34118C5D83E00EECDF9 /* SMPushNotification-Prefix.pch */,
			);
			name = "Supporting Files";
			sourceTree = "<group>";
		};
		C8D7A35818C5D83E00EECDF9 /* SMPushNotificationTests */ = {
			isa = PBXGroup;
			children = (
				C8D7A35E18C5D83E00EECDF9 /* SMPushNotificationTests.m */,
				C8D7A35918C5D83E00EECDF9 /* Supporting Files */,
			);
			path = SMPushNotificationTests;
			sourceTree = "<group>";
		};
		C8D7A35918C5D83E00EECDF9 /* Supporting Files */ = {
			isa = PBXGroup;
			children = (
				C8D7A35A18C5D83E00EECDF9 /* SMPushNotificationTests-Info.plist */,
				C8D7A35B18C5D83E00EECDF9 /* InfoPlist.strings */,
			);
			name = "Supporting Files";
			sourceTree = "<group>";
		};
		C8D7A36818C5D98600EECDF9 /* StackMob-v2.2.0 */ = {
			isa = PBXGroup;
			children = (
				C8D7A36918C5D98600EECDF9 /* CHANGELOG.md */,
				C8D7A36A18C5D98600EECDF9 /* Headers */,
				C8D7A3A018C5D98700EECDF9 /* libstackmob-v2.2.0.a */,
			);
			path = "StackMob-v2.2.0";
			sourceTree = "<group>";
		};
		C8D7A36A18C5D98600EECDF9 /* Headers */ = {
			isa = PBXGroup;
			children = (
				C8D7A36B18C5D98600EECDF9 /* AFHTTPClient+StackMob.h */,
				C8D7A36C18C5D98600EECDF9 /* AFHTTPRequestOperation+RemoveContentType.h */,
				C8D7A36D18C5D98600EECDF9 /* AFNetworking */,
				C8D7A37818C5D98600EECDF9 /* Base64EncodedStringFromData.h */,
				C8D7A37918C5D98600EECDF9 /* Common.h */,
				C8D7A37A18C5D98600EECDF9 /* FileManagement.h */,
				C8D7A37B18C5D98600EECDF9 /* KeychainWrapper.h */,
				C8D7A37C18C5D98600EECDF9 /* NSArray+Enumerable.h */,
				C8D7A37D18C5D98600EECDF9 /* NSDictionary+AtomicCounter.h */,
				C8D7A37E18C5D98600EECDF9 /* NSEntityDescription+StackMobSerialization.h */,
				C8D7A37F18C5D98600EECDF9 /* NSManagedObject+StackMobSerialization.h */,
				C8D7A38018C5D98600EECDF9 /* NSManagedObjectContext+Concurrency.h */,
				C8D7A38118C5D98600EECDF9 /* SMBinaryDataConversion.h */,
				C8D7A38218C5D98600EECDF9 /* SMClient.h */,
				C8D7A38318C5D98600EECDF9 /* SMCoreDataStore.h */,
				C8D7A38418C5D98600EECDF9 /* SMCustomCodeRequest.h */,
				C8D7A38518C5D98600EECDF9 /* SMDataStore+Protected.h */,
				C8D7A38618C5D98600EECDF9 /* SMDataStore.h */,
				C8D7A38718C5D98600EECDF9 /* SMError.h */,
				C8D7A38818C5D98600EECDF9 /* SMGeoPoint.h */,
				C8D7A38918C5D98600EECDF9 /* SMHTTPRequestOperation.h */,
				C8D7A38A18C5D98600EECDF9 /* SMIncrementalStore+Query.h */,
				C8D7A38B18C5D98600EECDF9 /* SMIncrementalStore.h */,
				C8D7A38C18C5D98600EECDF9 /* SMIncrementalStoreNode.h */,
				C8D7A38D18C5D98600EECDF9 /* SMJSONRequestOperation.h */,
				C8D7A38E18C5D98600EECDF9 /* SMLocationManager.h */,
				C8D7A38F18C5D98600EECDF9 /* SMNetworkReachability.h */,
				C8D7A39018C5D98600EECDF9 /* SMOAuth1Client.h */,
				C8D7A39118C5D98600EECDF9 /* SMOAuth2Client.h */,
				C8D7A39218C5D98600EECDF9 /* SMPredicate.h */,
				C8D7A39318C5D98600EECDF9 /* SMPushClient.h */,
				C8D7A39418C5D98600EECDF9 /* SMPushToken.h */,
				C8D7A39518C5D98600EECDF9 /* SMQuery.h */,
				C8D7A39618C5D98600EECDF9 /* SMRequestOptions.h */,
				C8D7A39718C5D98600EECDF9 /* SMResponseBlocks.h */,
				C8D7A39818C5D98600EECDF9 /* SMSyncedObject.h */,
				C8D7A39918C5D98600EECDF9 /* SMUserManagedObject.h */,
				C8D7A39A18C5D98600EECDF9 /* SMUserSession.h */,
				C8D7A39B18C5D98600EECDF9 /* SMVersion.h */,
				C8D7A39C18C5D98600EECDF9 /* StackMob.h */,
				C8D7A39D18C5D98600EECDF9 /* StackMobPush.h */,
				C8D7A39E18C5D98600EECDF9 /* Synchronization.h */,
				C8D7A39F18C5D98600EECDF9 /* SystemInformation.h */,
			);
			path = Headers;
			sourceTree = "<group>";
		};
		C8D7A36D18C5D98600EECDF9 /* AFNetworking */ = {
			isa = PBXGroup;
			children = (
				C8D7A36E18C5D98600EECDF9 /* AFHTTPClient.h */,
				C8D7A36F18C5D98600EECDF9 /* AFHTTPRequestOperation.h */,
				C8D7A37018C5D98600EECDF9 /* AFImageRequestOperation.h */,
				C8D7A37118C5D98600EECDF9 /* AFJSONRequestOperation.h */,
				C8D7A37218C5D98600EECDF9 /* AFNetworkActivityIndicatorManager.h */,
				C8D7A37318C5D98600EECDF9 /* AFNetworking.h */,
				C8D7A37418C5D98600EECDF9 /* AFPropertyListRequestOperation.h */,
				C8D7A37518C5D98600EECDF9 /* AFURLConnectionOperation.h */,
				C8D7A37618C5D98600EECDF9 /* AFXMLRequestOperation.h */,
				C8D7A37718C5D98600EECDF9 /* UIImageView+AFNetworking.h */,
			);
			path = AFNetworking;
			sourceTree = "<group>";
		};
/* End PBXGroup section */

/* Begin PBXNativeTarget section */
		C8D7A32F18C5D83E00EECDF9 /* SMPushNotification */ = {
			isa = PBXNativeTarget;
			buildConfigurationList = C8D7A36218C5D83E00EECDF9 /* Build configuration list for PBXNativeTarget "SMPushNotification" */;
			buildPhases = (
				C8D7A32C18C5D83E00EECDF9 /* Sources */,
				C8D7A32D18C5D83E00EECDF9 /* Frameworks */,
				C8D7A32E18C5D83E00EECDF9 /* Resources */,
			);
			buildRules = (
			);
			dependencies = (
			);
			name = SMPushNotification;
			productName = SMPushNotification;
			productReference = C8D7A33018C5D83E00EECDF9 /* SMPushNotification.app */;
			productType = "com.apple.product-type.application";
		};
		C8D7A35018C5D83E00EECDF9 /* SMPushNotificationTests */ = {
			isa = PBXNativeTarget;
			buildConfigurationList = C8D7A36518C5D83E00EECDF9 /* Build configuration list for PBXNativeTarget "SMPushNotificationTests" */;
			buildPhases = (
				C8D7A34D18C5D83E00EECDF9 /* Sources */,
				C8D7A34E18C5D83E00EECDF9 /* Frameworks */,
				C8D7A34F18C5D83E00EECDF9 /* Resources */,
			);
			buildRules = (
			);
			dependencies = (
				C8D7A35718C5D83E00EECDF9 /* PBXTargetDependency */,
			);
			name = SMPushNotificationTests;
			productName = SMPushNotificationTests;
			productReference = C8D7A35118C5D83E00EECDF9 /* SMPushNotificationTests.xctest */;
			productType = "com.apple.product-type.bundle.unit-test";
		};
/* End PBXNativeTarget section */

/* Begin PBXProject section */
		C8D7A32818C5D83E00EECDF9 /* Project object */ = {
			isa = PBXProject;
			attributes = {
				LastUpgradeCheck = 0500;
				ORGANIZATIONNAME = Cherish215;
				TargetAttributes = {
					C8D7A35018C5D83E00EECDF9 = {
						TestTargetID = C8D7A32F18C5D83E00EECDF9;
					};
				};
			};
			buildConfigurationList = C8D7A32B18C5D83E00EECDF9 /* Build configuration list for PBXProject "SMPushNotification" */;
			compatibilityVersion = "Xcode 3.2";
			developmentRegion = English;
			hasScannedForEncodings = 0;
			knownRegions = (
				en,
				Base,
			);
			mainGroup = C8D7A32718C5D83E00EECDF9;
			productRefGroup = C8D7A33118C5D83E00EECDF9 /* Products */;
			projectDirPath = "";
			projectRoot = "";
			targets = (
				C8D7A32F18C5D83E00EECDF9 /* SMPushNotification */,
				C8D7A35018C5D83E00EECDF9 /* SMPushNotificationTests */,
			);
		};
/* End PBXProject section */

/* Begin PBXResourcesBuildPhase section */
		C8D7A32E18C5D83E00EECDF9 /* Resources */ = {
			isa = PBXResourcesBuildPhase;
			buildActionMask = 2147483647;
			files = (
				C8D7A34C18C5D83E00EECDF9 /* Images.xcassets in Resources */,
				C8D7A33E18C5D83E00EECDF9 /* InfoPlist.strings in Resources */,
				C8D7A34718C5D83E00EECDF9 /* Main.storyboard in Resources */,
				C8D7A3A118C5D98700EECDF9 /* CHANGELOG.md in Resources */,
			);
			runOnlyForDeploymentPostprocessing = 0;
		};
		C8D7A34F18C5D83E00EECDF9 /* Resources */ = {
			isa = PBXResourcesBuildPhase;
			buildActionMask = 2147483647;
			files = (
				C8D7A35D18C5D83E00EECDF9 /* InfoPlist.strings in Resources */,
			);
			runOnlyForDeploymentPostprocessing = 0;
		};
/* End PBXResourcesBuildPhase section */

/* Begin PBXSourcesBuildPhase section */
		C8D7A32C18C5D83E00EECDF9 /* Sources */ = {
			isa = PBXSourcesBuildPhase;
			buildActionMask = 2147483647;
			files = (
				C8D7A34A18C5D83E00EECDF9 /* ViewController.m in Sources */,
				C8D7A3AF18C5D9F800EECDF9 /* mydatamodel.xcdatamodeld in Sources */,
				C8D7A34418C5D83E00EECDF9 /* AppDelegate.m in Sources */,
				C8D7A34018C5D83E00EECDF9 /* main.m in Sources */,
			);
			runOnlyForDeploymentPostprocessing = 0;
		};
		C8D7A34D18C5D83E00EECDF9 /* Sources */ = {
			isa = PBXSourcesBuildPhase;
			buildActionMask = 2147483647;
			files = (
				C8D7A35F18C5D83E00EECDF9 /* SMPushNotificationTests.m in Sources */,
			);
			runOnlyForDeploymentPostprocessing = 0;
		};
/* End PBXSourcesBuildPhase section */

/* Begin PBXTargetDependency section */
		C8D7A35718C5D83E00EECDF9 /* PBXTargetDependency */ = {
			isa = PBXTargetDependency;
			target = C8D7A32F18C5D83E00EECDF9 /* SMPushNotification */;
			targetProxy = C8D7A35618C5D83E00EECDF9 /* PBXContainerItemProxy */;
		};
/* End PBXTargetDependency section */

/* Begin PBXVariantGroup section */
		C8D7A33C18C5D83E00EECDF9 /* InfoPlist.strings */ = {
			isa = PBXVariantGroup;
			children = (
				C8D7A33D18C5D83E00EECDF9 /* en */,
			);
			name = InfoPlist.strings;
			sourceTree = "<group>";
		};
		C8D7A34518C5D83E00EECDF9 /* Main.storyboard */ = {
			isa = PBXVariantGroup;
			children = (
				C8D7A34618C5D83E00EECDF9 /* Base */,
			);
			name = Main.storyboard;
			sourceTree = "<group>";
		};
		C8D7A35B18C5D83E00EECDF9 /* InfoPlist.strings */ = {
			isa = PBXVariantGroup;
			children = (
				C8D7A35C18C5D83E00EECDF9 /* en */,
			);
			name = InfoPlist.strings;
			sourceTree = "<group>";
		};
/* End PBXVariantGroup section */

/* Begin XCBuildConfiguration section */
		C8D7A36018C5D83E00EECDF9 /* Debug */ = {
			isa = XCBuildConfiguration;
			buildSettings = {
				ALWAYS_SEARCH_USER_PATHS = NO;
				ARCHS = "$(ARCHS_STANDARD_INCLUDING_64_BIT)";
				CLANG_CXX_LANGUAGE_STANDARD = "gnu++0x";
				CLANG_CXX_LIBRARY = "libc++";
				CLANG_ENABLE_MODULES = YES;
				CLANG_ENABLE_OBJC_ARC = YES;
				CLANG_WARN_BOOL_CONVERSION = YES;
				CLANG_WARN_CONSTANT_CONVERSION = YES;
				CLANG_WARN_DIRECT_OBJC_ISA_USAGE = YES_ERROR;
				CLANG_WARN_EMPTY_BODY = YES;
				CLANG_WARN_ENUM_CONVERSION = YES;
				CLANG_WARN_INT_CONVERSION = YES;
				CLANG_WARN_OBJC_ROOT_CLASS = YES_ERROR;
				CLANG_WARN__DUPLICATE_METHOD_MATCH = YES;
				"CODE_SIGN_IDENTITY[sdk=iphoneos*]" = "iPhone Developer";
				COPY_PHASE_STRIP = NO;
				GCC_C_LANGUAGE_STANDARD = gnu99;
				GCC_DYNAMIC_NO_PIC = NO;
				GCC_OPTIMIZATION_LEVEL = 0;
				GCC_PREPROCESSOR_DEFINITIONS = (
					"DEBUG=1",
					"$(inherited)",
				);
				GCC_SYMBOLS_PRIVATE_EXTERN = NO;
				GCC_WARN_64_TO_32_BIT_CONVERSION = YES;
				GCC_WARN_ABOUT_RETURN_TYPE = YES_ERROR;
				GCC_WARN_UNDECLARED_SELECTOR = YES;
				GCC_WARN_UNINITIALIZED_AUTOS = YES;
				GCC_WARN_UNUSED_FUNCTION = YES;
				GCC_WARN_UNUSED_VARIABLE = YES;
				IPHONEOS_DEPLOYMENT_TARGET = 7.0;
				ONLY_ACTIVE_ARCH = YES;
				SDKROOT = iphoneos;
			};
			name = Debug;
		};
		C8D7A36118C5D83E00EECDF9 /* Release */ = {
			isa = XCBuildConfiguration;
			buildSettings = {
				ALWAYS_SEARCH_USER_PATHS = NO;
				ARCHS = "$(ARCHS_STANDARD_INCLUDING_64_BIT)";
				CLANG_CXX_LANGUAGE_STANDARD = "gnu++0x";
				CLANG_CXX_LIBRARY = "libc++";
				CLANG_ENABLE_MODULES = YES;
				CLANG_ENABLE_OBJC_ARC = YES;
				CLANG_WARN_BOOL_CONVERSION = YES;
				CLANG_WARN_CONSTANT_CONVERSION = YES;
				CLANG_WARN_DIRECT_OBJC_ISA_USAGE = YES_ERROR;
				CLANG_WARN_EMPTY_BODY = YES;
				CLANG_WARN_ENUM_CONVERSION = YES;
				CLANG_WARN_INT_CONVERSION = YES;
				CLANG_WARN_OBJC_ROOT_CLASS = YES_ERROR;
				CLANG_WARN__DUPLICATE_METHOD_MATCH = YES;
				"CODE_SIGN_IDENTITY[sdk=iphoneos*]" = "iPhone Developer";
				COPY_PHASE_STRIP = YES;
				ENABLE_NS_ASSERTIONS = NO;
				GCC_C_LANGUAGE_STANDARD = gnu99;
				GCC_WARN_64_TO_32_BIT_CONVERSION = YES;
				GCC_WARN_ABOUT_RETURN_TYPE = YES_ERROR;
				GCC_WARN_UNDECLARED_SELECTOR = YES;
				GCC_WARN_UNINITIALIZED_AUTOS = YES;
				GCC_WARN_UNUSED_FUNCTION = YES;
				GCC_WARN_UNUSED_VARIABLE = YES;
				IPHONEOS_DEPLOYMENT_TARGET = 7.0;
				SDKROOT = iphoneos;
				VALIDATE_PRODUCT = YES;
			};
			name = Release;
		};
		C8D7A36318C5D83E00EECDF9 /* Debug */ = {
			isa = XCBuildConfiguration;
			buildSettings = {
				ASSETCATALOG_COMPILER_APPICON_NAME = AppIcon;
				ASSETCATALOG_COMPILER_LAUNCHIMAGE_NAME = LaunchImage;
				GCC_PRECOMPILE_PREFIX_HEADER = YES;
				GCC_PREFIX_HEADER = "SMPushNotification/SMPushNotification-Prefix.pch";
				INFOPLIST_FILE = "SMPushNotification/SMPushNotification-Info.plist";
				LIBRARY_SEARCH_PATHS = (
					"$(inherited)",
					"/Volumes/Documents/Dropbox/Github/SMPushNotification/StackMob-v2.2.0",
				);
				PRODUCT_NAME = "$(TARGET_NAME)";
				WRAPPER_EXTENSION = app;
			};
			name = Debug;
		};
		C8D7A36418C5D83E00EECDF9 /* Release */ = {
			isa = XCBuildConfiguration;
			buildSettings = {
				ASSETCATALOG_COMPILER_APPICON_NAME = AppIcon;
				ASSETCATALOG_COMPILER_LAUNCHIMAGE_NAME = LaunchImage;
				GCC_PRECOMPILE_PREFIX_HEADER = YES;
				GCC_PREFIX_HEADER = "SMPushNotification/SMPushNotification-Prefix.pch";
				INFOPLIST_FILE = "SMPushNotification/SMPushNotification-Info.plist";
				LIBRARY_SEARCH_PATHS = (
					"$(inherited)",
					"/Volumes/Documents/Dropbox/Github/SMPushNotification/StackMob-v2.2.0",
				);
				PRODUCT_NAME = "$(TARGET_NAME)";
				WRAPPER_EXTENSION = app;
			};
			name = Release;
		};
		C8D7A36618C5D83E00EECDF9 /* Debug */ = {
			isa = XCBuildConfiguration;
			buildSettings = {
				ARCHS = "$(ARCHS_STANDARD_INCLUDING_64_BIT)";
				BUNDLE_LOADER = "$(BUILT_PRODUCTS_DIR)/SMPushNotification.app/SMPushNotification";
				FRAMEWORK_SEARCH_PATHS = (
					"$(SDKROOT)/Developer/Library/Frameworks",
					"$(inherited)",
					"$(DEVELOPER_FRAMEWORKS_DIR)",
				);
				GCC_PRECOMPILE_PREFIX_HEADER = YES;
				GCC_PREFIX_HEADER = "SMPushNotification/SMPushNotification-Prefix.pch";
				GCC_PREPROCESSOR_DEFINITIONS = (
					"DEBUG=1",
					"$(inherited)",
				);
				INFOPLIST_FILE = "SMPushNotificationTests/SMPushNotificationTests-Info.plist";
				PRODUCT_NAME = "$(TARGET_NAME)";
				TEST_HOST = "$(BUNDLE_LOADER)";
				WRAPPER_EXTENSION = xctest;
			};
			name = Debug;
		};
		C8D7A36718C5D83E00EECDF9 /* Release */ = {
			isa = XCBuildConfiguration;
			buildSettings = {
				ARCHS = "$(ARCHS_STANDARD_INCLUDING_64_BIT)";
				BUNDLE_LOADER = "$(BUILT_PRODUCTS_DIR)/SMPushNotification.app/SMPushNotification";
				FRAMEWORK_SEARCH_PATHS = (
					"$(SDKROOT)/Developer/Library/Frameworks",
					"$(inherited)",
					"$(DEVELOPER_FRAMEWORKS_DIR)",
				);
				GCC_PRECOMPILE_PREFIX_HEADER = YES;
				GCC_PREFIX_HEADER = "SMPushNotification/SMPushNotification-Prefix.pch";
				INFOPLIST_FILE = "SMPushNotificationTests/SMPushNotificationTests-Info.plist";
				PRODUCT_NAME = "$(TARGET_NAME)";
				TEST_HOST = "$(BUNDLE_LOADER)";
				WRAPPER_EXTENSION = xctest;
			};
			name = Release;
		};
/* End XCBuildConfiguration section */

/* Begin XCConfigurationList section */
		C8D7A32B18C5D83E00EECDF9 /* Build configuration list for PBXProject "SMPushNotification" */ = {
			isa = XCConfigurationList;
			buildConfigurations = (
				C8D7A36018C5D83E00EECDF9 /* Debug */,
				C8D7A36118C5D83E00EECDF9 /* Release */,
			);
			defaultConfigurationIsVisible = 0;
			defaultConfigurationName = Release;
		};
		C8D7A36218C5D83E00EECDF9 /* Build configuration list for PBXNativeTarget "SMPushNotification" */ = {
			isa = XCConfigurationList;
			buildConfigurations = (
				C8D7A36318C5D83E00EECDF9 /* Debug */,
				C8D7A36418C5D83E00EECDF9 /* Release */,
			);
			defaultConfigurationIsVisible = 0;
			defaultConfigurationName = Release;
		};
		C8D7A36518C5D83E00EECDF9 /* Build configuration list for PBXNativeTarget "SMPushNotificationTests" */ = {
			isa = XCConfigurationList;
			buildConfigurations = (
				C8D7A36618C5D83E00EECDF9 /* Debug */,
				C8D7A36718C5D83E00EECDF9 /* Release */,
			);
			defaultConfigurationIsVisible = 0;
			defaultConfigurationName = Release;
		};
/* End XCConfigurationList section */

/* Begin XCVersionGroup section */
		C8D7A3AD18C5D9F800EECDF9 /* mydatamodel.xcdatamodeld */ = {
			isa = XCVersionGroup;
			children = (
				C8D7A3AE18C5D9F800EECDF9 /* mydatamodel.xcdatamodel */,
			);
			currentVersion = C8D7A3AE18C5D9F800EECDF9 /* mydatamodel.xcdatamodel */;
			path = mydatamodel.xcdatamodeld;
			sourceTree = "<group>";
			versionGroupType = wrapper.xcdatamodel;
		};
/* End XCVersionGroup section */
	};
	rootObject = C8D7A32818C5D83E00EECDF9 /* Project object */;
}
